
Microsoft Visual Studio Solution File, Format Version 12.00
# Visual Studio 15
VisualStudioVersion = 15.0.27703.2018
MinimumVisualStudioVersion = 10.0.40219.1
Project("{FAE04EC0-301F-11D3-BF4B-00C04F79EFBC}") = "ListViewWithSubListView.Android", "ListViewWithSubListView\ListViewWithSubListView.Android\ListViewWithSubListView.Android.csproj", "{75D8F250-0DEE-4CC8-8AFA-D3EFBF7B7A9E}"
EndProject
Project("{FAE04EC0-301F-11D3-BF4B-00C04F79EFBC}") = "ListViewWithSubListView.iOS", "ListViewWithSubListView\ListViewWithSubListView.iOS\ListViewWithSubListView.iOS.csproj", "{68ABAE42-3A77-41F4-A4D1-093ADD6786DE}"
EndProject
Project("{FAE04EC0-301F-11D3-BF4B-00C04F79EFBC}") = "ListViewWithSubListView.UWP", "ListViewWithSubListView\ListViewWithSubListView.UWP\ListViewWithSubListView.UWP.csproj", "{85B568C2-43DA-4DAC-B36D-07EA5BDB8668}"
EndProject
Project("{FAE04EC0-301F-11D3-BF4B-00C04F79EFBC}") = "ListViewWithSubListView", "ListViewWithSubListView\ListViewWithSubListView\ListViewWithSubListView.csproj", "{FA82E7A1-AECE-4D2E-8989-77F9344141A2}"
EndProject
Global
	GlobalSection(SolutionConfigurationPlatforms) = preSolution
		Ad-Hoc|Any CPU = Ad-Hoc|Any CPU
		Ad-Hoc|ARM = Ad-Hoc|ARM
		Ad-Hoc|iPhone = Ad-Hoc|iPhone
		Ad-Hoc|iPhoneSimulator = Ad-Hoc|iPhoneSimulator
		Ad-Hoc|x64 = Ad-Hoc|x64
		Ad-Hoc|x86 = Ad-Hoc|x86
		AppStore|Any CPU = AppStore|Any CPU
		AppStore|ARM = AppStore|ARM
		AppStore|iPhone = AppStore|iPhone
		AppStore|iPhoneSimulator = AppStore|iPhoneSimulator
		AppStore|x64 = AppStore|x64
		AppStore|x86 = AppStore|x86
		Debug|Any CPU = Debug|Any CPU
		Debug|ARM = Debug|ARM
		Debug|iPhone = Debug|iPhone
		Debug|iPhoneSimulator = Debug|iPhoneSimulator
		Debug|x64 = Debug|x64
		Debug|x86 = Debug|x86
		Release|Any CPU = Release|Any CPU
		Release|ARM = Release|ARM
		Release|iPhone = Release|iPhone
		Release|iPhoneSimulator = Release|iPhoneSimulator
		Release|x64 = Release|x64
		Release|x86 = Release|x86
	EndGlobalSection
	GlobalSection(ProjectConfigurationPlatforms) = postSolution
		{75D8F250-0DEE-4CC8-8AFA-D3EFBF7B7A9E}.Ad-Hoc|Any CPU.ActiveCfg = Release|Any CPU
		{75D8F250-0DEE-4CC8-8AFA-D3EFBF7B7A9E}.Ad-Hoc|Any CPU.Build.0 = Release|Any CPU
		{75D8F250-0DEE-4CC8-8AFA-D3EFBF7B7A9E}.Ad-Hoc|Any CPU.Deploy.0 = Release|Any CPU
		{75D8F250-0DEE-4CC8-8AFA-D3EFBF7B7A9E}.Ad-Hoc|ARM.ActiveCfg = Release|Any CPU
		{75D8F250-0DEE-4CC8-8AFA-D3EFBF7B7A9E}.Ad-Hoc|ARM.Build.0 = Release|Any CPU
		{75D8F250-0DEE-4CC8-8AFA-D3EFBF7B7A9E}.Ad-Hoc|ARM.Deploy.0 = Release|Any CPU
		{75D8F250-0DEE-4CC8-8AFA-D3EFBF7B7A9E}.Ad-Hoc|iPhone.ActiveCfg = Release|Any CPU
		{75D8F250-0DEE-4CC8-8AFA-D3EFBF7B7A9E}.Ad-Hoc|iPhone.Build.0 = Release|Any CPU
		{75D8F250-0DEE-4CC8-8AFA-D3EFBF7B7A9E}.Ad-Hoc|iPhone.Deploy.0 = Release|Any CPU
		{75D8F250-0DEE-4CC8-8AFA-D3EFBF7B7A9E}.Ad-Hoc|iPhoneSimulator.ActiveCfg = Release|Any CPU
		{75D8F250-0DEE-4CC8-8AFA-D3EFBF7B7A9E}.Ad-Hoc|iPhoneSimulator.Build.0 = Release|Any CPU
		{75D8F250-0DEE-4CC8-8AFA-D3EFBF7B7A9E}.Ad-Hoc|iPhoneSimulator.Deploy.0 = Release|Any CPU
		{75D8F250-0DEE-4CC8-8AFA-D3EFBF7B7A9E}.Ad-Hoc|x64.ActiveCfg = Release|Any CPU
		{75D8F250-0DEE-4CC8-8AFA-D3EFBF7B7A9E}.Ad-Hoc|x64.Build.0 = Release|Any CPU
		{75D8F250-0DEE-4CC8-8AFA-D3EFBF7B7A9E}.Ad-Hoc|x64.Deploy.0 = Release|Any CPU
		{75D8F250-0DEE-4CC8-8AFA-D3EFBF7B7A9E}.Ad-Hoc|x86.ActiveCfg = Release|Any CPU
		{75D8F250-0DEE-4CC8-8AFA-D3EFBF7B7A9E}.Ad-Hoc|x86.Build.0 = Release|Any CPU
		{75D8F250-0DEE-4CC8-8AFA-D3EFBF7B7A9E}.Ad-Hoc|x86.Deploy.0 = Release|Any CPU
		{75D8F250-0DEE-4CC8-8AFA-D3EFBF7B7A9E}.AppStore|Any CPU.ActiveCfg = Release|Any CPU
		{75D8F250-0DEE-4CC8-8AFA-D3EFBF7B7A9E}.AppStore|Any CPU.Build.0 = Release|Any CPU
		{75D8F250-0DEE-4CC8-8AFA-D3EFBF7B7A9E}.AppStore|Any CPU.Deploy.0 = Release|Any CPU
		{75D8F250-0DEE-4CC8-8AFA-D3EFBF7B7A9E}.AppStore|ARM.ActiveCfg = Release|Any CPU
		{75D8F250-0DEE-4CC8-8AFA-D3EFBF7B7A9E}.AppStore|ARM.Build.0 = Release|Any CPU
		{75D8F250-0DEE-4CC8-8AFA-D3EFBF7B7A9E}.AppStore|ARM.Deploy.0 = Release|Any CPU
		{75D8F250-0DEE-4CC8-8AFA-D3EFBF7B7A9E}.AppStore|iPhone.ActiveCfg = Release|Any CPU
		{75D8F250-0DEE-4CC8-8AFA-D3EFBF7B7A9E}.AppStore|iPhone.Build.0 = Release|Any CPU
		{75D8F250-0DEE-4CC8-8AFA-D3EFBF7B7A9E}.AppStore|iPhone.Deploy.0 = Release|Any CPU
		{75D8F250-0DEE-4CC8-8AFA-D3EFBF7B7A9E}.AppStore|iPhoneSimulator.ActiveCfg = Release|Any CPU
		{75D8F250-0DEE-4CC8-8AFA-D3EFBF7B7A9E}.AppStore|iPhoneSimulator.Build.0 = Release|Any CPU
		{75D8F250-0DEE-4CC8-8AFA-D3EFBF7B7A9E}.AppStore|iPhoneSimulator.Deploy.0 = Release|Any CPU
		{75D8F250-0DEE-4CC8-8AFA-D3EFBF7B7A9E}.AppStore|x64.ActiveCfg = Release|Any CPU
		{75D8F250-0DEE-4CC8-8AFA-D3EFBF7B7A9E}.AppStore|x64.Build.0 = Release|Any CPU
		{75D8F250-0DEE-4CC8-8AFA-D3EFBF7B7A9E}.AppStore|x64.Deploy.0 = Release|Any CPU
		{75D8F250-0DEE-4CC8-8AFA-D3EFBF7B7A9E}.AppStore|x86.ActiveCfg = Release|Any CPU
		{75D8F250-0DEE-4CC8-8AFA-D3EFBF7B7A9E}.AppStore|x86.Build.0 = Release|Any CPU
		{75D8F250-0DEE-4CC8-8AFA-D3EFBF7B7A9E}.AppStore|x86.Deploy.0 = Release|Any CPU
		{75D8F250-0DEE-4CC8-8AFA-D3EFBF7B7A9E}.Debug|Any CPU.ActiveCfg = Debug|Any CPU
		{75D8F250-0DEE-4CC8-8AFA-D3EFBF7B7A9E}.Debug|Any CPU.Build.0 = Debug|Any CPU
		{75D8F250-0DEE-4CC8-8AFA-D3EFBF7B7A9E}.Debug|Any CPU.Deploy.0 = Debug|Any CPU
		{75D8F250-0DEE-4CC8-8AFA-D3EFBF7B7A9E}.Debug|ARM.ActiveCfg = Debug|Any CPU
		{75D8F250-0DEE-4CC8-8AFA-D3EFBF7B7A9E}.Debug|ARM.Build.0 = Debug|Any CPU
		{75D8F250-0DEE-4CC8-8AFA-D3EFBF7B7A9E}.Debug|ARM.Deploy.0 = Debug|Any CPU
		{75D8F250-0DEE-4CC8-8AFA-D3EFBF7B7A9E}.Debug|iPhone.ActiveCfg = Debug|Any CPU
		{75D8F250-0DEE-4CC8-8AFA-D3EFBF7B7A9E}.Debug|iPhone.Build.0 = Debug|Any CPU
		{75D8F250-0DEE-4CC8-8AFA-D3EFBF7B7A9E}.Debug|iPhone.Deploy.0 = Debug|Any CPU
		{75D8F250-0DEE-4CC8-8AFA-D3EFBF7B7A9E}.Debug|iPhoneSimulator.ActiveCfg = Debug|Any CPU
		{75D8F250-0DEE-4CC8-8AFA-D3EFBF7B7A9E}.Debug|iPhoneSimulator.Build.0 = Debug|Any CPU
		{75D8F250-0DEE-4CC8-8AFA-D3EFBF7B7A9E}.Debug|iPhoneSimulator.Deploy.0 = Debug|Any CPU
		{75D8F250-0DEE-4CC8-8AFA-D3EFBF7B7A9E}.Debug|x64.ActiveCfg = Debug|Any CPU
		{75D8F250-0DEE-4CC8-8AFA-D3EFBF7B7A9E}.Debug|x64.Build.0 = Debug|Any CPU
		{75D8F250-0DEE-4CC8-8AFA-D3EFBF7B7A9E}.Debug|x64.Deploy.0 = Debug|Any CPU
		{75D8F250-0DEE-4CC8-8AFA-D3EFBF7B7A9E}.Debug|x86.ActiveCfg = Debug|Any CPU
		{75D8F250-0DEE-4CC8-8AFA-D3EFBF7B7A9E}.Debug|x86.Build.0 = Debug|Any CPU
		{75D8F250-0DEE-4CC8-8AFA-D3EFBF7B7A9E}.Debug|x86.Deploy.0 = Debug|Any CPU
		{75D8F250-0DEE-4CC8-8AFA-D3EFBF7B7A9E}.Release|Any CPU.ActiveCfg = Release|Any CPU
		{75D8F250-0DEE-4CC8-8AFA-D3EFBF7B7A9E}.Release|Any CPU.Build.0 = Release|Any CPU
		{75D8F250-0DEE-4CC8-8AFA-D3EFBF7B7A9E}.Release|Any CPU.Deploy.0 = Release|Any CPU
		{75D8F250-0DEE-4CC8-8AFA-D3EFBF7B7A9E}.Release|ARM.ActiveCfg = Release|Any CPU
		{75D8F250-0DEE-4CC8-8AFA-D3EFBF7B7A9E}.Release|ARM.Build.0 = Release|Any CPU
		{75D8F250-0DEE-4CC8-8AFA-D3EFBF7B7A9E}.Release|ARM.Deploy.0 = Release|Any CPU
		{75D8F250-0DEE-4CC8-8AFA-D3EFBF7B7A9E}.Release|iPhone.ActiveCfg = Release|Any CPU
		{75D8F250-0DEE-4CC8-8AFA-D3EFBF7B7A9E}.Release|iPhone.Build.0 = Release|Any CPU
		{75D8F250-0DEE-4CC8-8AFA-D3EFBF7B7A9E}.Release|iPhone.Deploy.0 = Release|Any CPU
		{75D8F250-0DEE-4CC8-8AFA-D3EFBF7B7A9E}.Release|iPhoneSimulator.ActiveCfg = Release|Any CPU
		{75D8F250-0DEE-4CC8-8AFA-D3EFBF7B7A9E}.Release|iPhoneSimulator.Build.0 = Release|Any CPU
		{75D8F250-0DEE-4CC8-8AFA-D3EFBF7B7A9E}.Release|iPhoneSimulator.Deploy.0 = Release|Any CPU
		{75D8F250-0DEE-4CC8-8AFA-D3EFBF7B7A9E}.Release|x64.ActiveCfg = Release|Any CPU
		{75D8F250-0DEE-4CC8-8AFA-D3EFBF7B7A9E}.Release|x64.Build.0 = Release|Any CPU
		{75D8F250-0DEE-4CC8-8AFA-D3EFBF7B7A9E}.Release|x64.Deploy.0 = Release|Any CPU
		{75D8F250-0DEE-4CC8-8AFA-D3EFBF7B7A9E}.Release|x86.ActiveCfg = Release|Any CPU
		{75D8F250-0DEE-4CC8-8AFA-D3EFBF7B7A9E}.Release|x86.Build.0 = Release|Any CPU
		{75D8F250-0DEE-4CC8-8AFA-D3EFBF7B7A9E}.Release|x86.Deploy.0 = Release|Any CPU
		{68ABAE42-3A77-41F4-A4D1-093ADD6786DE}.Ad-Hoc|Any CPU.ActiveCfg = Ad-Hoc|iPhone
		{68ABAE42-3A77-41F4-A4D1-093ADD6786DE}.Ad-Hoc|Any CPU.Build.0 = Ad-Hoc|iPhone
		{68ABAE42-3A77-41F4-A4D1-093ADD6786DE}.Ad-Hoc|Any CPU.Deploy.0 = Ad-Hoc|iPhone
		{68ABAE42-3A77-41F4-A4D1-093ADD6786DE}.Ad-Hoc|ARM.ActiveCfg = Ad-Hoc|iPhone
		{68ABAE42-3A77-41F4-A4D1-093ADD6786DE}.Ad-Hoc|ARM.Build.0 = Ad-Hoc|iPhone
		{68ABAE42-3A77-41F4-A4D1-093ADD6786DE}.Ad-Hoc|ARM.Deploy.0 = Ad-Hoc|iPhone
		{68ABAE42-3A77-41F4-A4D1-093ADD6786DE}.Ad-Hoc|iPhone.ActiveCfg = Ad-Hoc|iPhone
		{68ABAE42-3A77-41F4-A4D1-093ADD6786DE}.Ad-Hoc|iPhone.Build.0 = Ad-Hoc|iPhone
		{68ABAE42-3A77-41F4-A4D1-093ADD6786DE}.Ad-Hoc|iPhone.Deploy.0 = Ad-Hoc|iPhone
		{68ABAE42-3A77-41F4-A4D1-093ADD6786DE}.Ad-Hoc|iPhoneSimulator.ActiveCfg = Ad-Hoc|iPhoneSimulator
		{68ABAE42-3A77-41F4-A4D1-093ADD6786DE}.Ad-Hoc|iPhoneSimulator.Build.0 = Ad-Hoc|iPhoneSimulator
		{68ABAE42-3A77-41F4-A4D1-093ADD6786DE}.Ad-Hoc|iPhoneSimulator.Deploy.0 = Ad-Hoc|iPhoneSimulator
		{68ABAE42-3A77-41F4-A4D1-093ADD6786DE}.Ad-Hoc|x64.ActiveCfg = Ad-Hoc|iPhone
		{68ABAE42-3A77-41F4-A4D1-093ADD6786DE}.Ad-Hoc|x64.Build.0 = Ad-Hoc|iPhone
		{68ABAE42-3A77-41F4-A4D1-093ADD6786DE}.Ad-Hoc|x64.Deploy.0 = Ad-Hoc|iPhone
		{68ABAE42-3A77-41F4-A4D1-093ADD6786DE}.Ad-Hoc|x86.ActiveCfg = Ad-Hoc|iPhone
		{68ABAE42-3A77-41F4-A4D1-093ADD6786DE}.Ad-Hoc|x86.Build.0 = Ad-Hoc|iPhone
		{68ABAE42-3A77-41F4-A4D1-093ADD6786DE}.Ad-Hoc|x86.Deploy.0 = Ad-Hoc|iPhone
		{68ABAE42-3A77-41F4-A4D1-093ADD6786DE}.AppStore|Any CPU.ActiveCfg = AppStore|iPhone
		{68ABAE42-3A77-41F4-A4D1-093ADD6786DE}.AppStore|Any CPU.Build.0 = AppStore|iPhone
		{68ABAE42-3A77-41F4-A4D1-093ADD6786DE}.AppStore|Any CPU.Deploy.0 = AppStore|iPhone
		{68ABAE42-3A77-41F4-A4D1-093ADD6786DE}.AppStore|ARM.ActiveCfg = AppStore|iPhone
		{68ABAE42-3A77-41F4-A4D1-093ADD6786DE}.AppStore|ARM.Build.0 = AppStore|iPhone
		{68ABAE42-3A77-41F4-A4D1-093ADD6786DE}.AppStore|ARM.Deploy.0 = AppStore|iPhone
		{68ABAE42-3A77-41F4-A4D1-093ADD6786DE}.AppStore|iPhone.ActiveCfg = AppStore|iPhone
		{68ABAE42-3A77-41F4-A4D1-093ADD6786DE}.AppStore|iPhone.Build.0 = AppStore|iPhone
		{68ABAE42-3A77-41F4-A4D1-093ADD6786DE}.AppStore|iPhone.Deploy.0 = AppStore|iPhone
		{68ABAE42-3A77-41F4-A4D1-093ADD6786DE}.AppStore|iPhoneSimulator.ActiveCfg = AppStore|iPhoneSimulator
		{68ABAE42-3A77-41F4-A4D1-093ADD6786DE}.AppStore|iPhoneSimulator.Build.0 = AppStore|iPhoneSimulator
		{68ABAE42-3A77-41F4-A4D1-093ADD6786DE}.AppStore|iPhoneSimulator.Deploy.0 = AppStore|iPhoneSimulator
		{68ABAE42-3A77-41F4-A4D1-093ADD6786DE}.AppStore|x64.ActiveCfg = AppStore|iPhone
		{68ABAE42-3A77-41F4-A4D1-093ADD6786DE}.AppStore|x64.Build.0 = AppStore|iPhone
		{68ABAE42-3A77-41F4-A4D1-093ADD6786DE}.AppStore|x64.Deploy.0 = AppStore|iPhone
		{68ABAE42-3A77-41F4-A4D1-093ADD6786DE}.AppStore|x86.ActiveCfg = AppStore|iPhone
		{68ABAE42-3A77-41F4-A4D1-093ADD6786DE}.AppStore|x86.Build.0 = AppStore|iPhone
		{68ABAE42-3A77-41F4-A4D1-093ADD6786DE}.AppStore|x86.Deploy.0 = AppStore|iPhone
		{68ABAE42-3A77-41F4-A4D1-093ADD6786DE}.Debug|Any CPU.ActiveCfg = Debug|iPhoneSimulator
		{68ABAE42-3A77-41F4-A4D1-093ADD6786DE}.Debug|Any CPU.Build.0 = Debug|iPhoneSimulator
		{68ABAE42-3A77-41F4-A4D1-093ADD6786DE}.Debug|Any CPU.Deploy.0 = Debug|iPhoneSimulator
		{68ABAE42-3A77-41F4-A4D1-093ADD6786DE}.Debug|ARM.ActiveCfg = Debug|iPhone
		{68ABAE42-3A77-41F4-A4D1-093ADD6786DE}.Debug|ARM.Build.0 = Debug|iPhone
		{68ABAE42-3A77-41F4-A4D1-093ADD6786DE}.Debug|ARM.Deploy.0 = Debug|iPhone
		{68ABAE42-3A77-41F4-A4D1-093ADD6786DE}.Debug|iPhone.ActiveCfg = Debug|iPhone
		{68ABAE42-3A77-41F4-A4D1-093ADD6786DE}.Debug|iPhone.Build.0 = Debug|iPhone
		{68ABAE42-3A77-41F4-A4D1-093ADD6786DE}.Debug|iPhone.Deploy.0 = Debug|iPhone
		{68ABAE42-3A77-41F4-A4D1-093ADD6786DE}.Debug|iPhoneSimulator.ActiveCfg = Debug|iPhoneSimulator
		{68ABAE42-3A77-41F4-A4D1-093ADD6786DE}.Debug|iPhoneSimulator.Build.0 = Debug|iPhoneSimulator
		{68ABAE42-3A77-41F4-A4D1-093ADD6786DE}.Debug|iPhoneSimulator.Deploy.0 = Debug|iPhoneSimulator
		{68ABAE42-3A77-41F4-A4D1-093ADD6786DE}.Debug|x64.ActiveCfg = Debug|iPhone
		{68ABAE42-3A77-41F4-A4D1-093ADD6786DE}.Debug|x64.Build.0 = Debug|iPhone
		{68ABAE42-3A77-41F4-A4D1-093ADD6786DE}.Debug|x64.Deploy.0 = Debug|iPhone
		{68ABAE42-3A77-41F4-A4D1-093ADD6786DE}.Debug|x86.ActiveCfg = Debug|iPhone
		{68ABAE42-3A77-41F4-A4D1-093ADD6786DE}.Debug|x86.Build.0 = Debug|iPhone
		{68ABAE42-3A77-41F4-A4D1-093ADD6786DE}.Debug|x86.Deploy.0 = Debug|iPhone
		{68ABAE42-3A77-41F4-A4D1-093ADD6786DE}.Release|Any CPU.ActiveCfg = Release|iPhone
		{68ABAE42-3A77-41F4-A4D1-093ADD6786DE}.Release|Any CPU.Build.0 = Release|iPhone
		{68ABAE42-3A77-41F4-A4D1-093ADD6786DE}.Release|Any CPU.Deploy.0 = Release|iPhone
		{68ABAE42-3A77-41F4-A4D1-093ADD6786DE}.Release|ARM.ActiveCfg = Release|iPhone
		{68ABAE42-3A77-41F4-A4D1-093ADD6786DE}.Release|ARM.Build.0 = Release|iPhone
		{68ABAE42-3A77-41F4-A4D1-093ADD6786DE}.Release|ARM.Deploy.0 = Release|iPhone
		{68ABAE42-3A77-41F4-A4D1-093ADD6786DE}.Release|iPhone.ActiveCfg = Release|iPhone
		{68ABAE42-3A77-41F4-A4D1-093ADD6786DE}.Release|iPhone.Build.0 = Release|iPhone
		{68ABAE42-3A77-41F4-A4D1-093ADD6786DE}.Release|iPhone.Deploy.0 = Release|iPhone
		{68ABAE42-3A77-41F4-A4D1-093ADD6786DE}.Release|iPhoneSimulator.ActiveCfg = Release|iPhoneSimulator
		{68ABAE42-3A77-41F4-A4D1-093ADD6786DE}.Release|iPhoneSimulator.Build.0 = Release|iPhoneSimulator
		{68ABAE42-3A77-41F4-A4D1-093ADD6786DE}.Release|iPhoneSimulator.Deploy.0 = Release|iPhoneSimulator
		{68ABAE42-3A77-41F4-A4D1-093ADD6786DE}.Release|x64.ActiveCfg = Release|iPhone
		{68ABAE42-3A77-41F4-A4D1-093ADD6786DE}.Release|x64.Build.0 = Release|iPhone
		{68ABAE42-3A77-41F4-A4D1-093ADD6786DE}.Release|x64.Deploy.0 = Release|iPhone
		{68ABAE42-3A77-41F4-A4D1-093ADD6786DE}.Release|x86.ActiveCfg = Release|iPhone
		{68ABAE42-3A77-41F4-A4D1-093ADD6786DE}.Release|x86.Build.0 = Release|iPhone
		{68ABAE42-3A77-41F4-A4D1-093ADD6786DE}.Release|x86.Deploy.0 = Release|iPhone
		{85B568C2-43DA-4DAC-B36D-07EA5BDB8668}.Ad-Hoc|Any CPU.ActiveCfg = Release|x86
		{85B568C2-43DA-4DAC-B36D-07EA5BDB8668}.Ad-Hoc|Any CPU.Build.0 = Release|x86
		{85B568C2-43DA-4DAC-B36D-07EA5BDB8668}.Ad-Hoc|Any CPU.Deploy.0 = Release|x86
		{85B568C2-43DA-4DAC-B36D-07EA5BDB8668}.Ad-Hoc|ARM.ActiveCfg = Release|ARM
		{85B568C2-43DA-4DAC-B36D-07EA5BDB8668}.Ad-Hoc|ARM.Build.0 = Release|ARM
		{85B568C2-43DA-4DAC-B36D-07EA5BDB8668}.Ad-Hoc|ARM.Deploy.0 = Release|ARM
		{85B568C2-43DA-4DAC-B36D-07EA5BDB8668}.Ad-Hoc|iPhone.ActiveCfg = Release|x86
		{85B568C2-43DA-4DAC-B36D-07EA5BDB8668}.Ad-Hoc|iPhone.Build.0 = Release|x86
		{85B568C2-43DA-4DAC-B36D-07EA5BDB8668}.Ad-Hoc|iPhone.Deploy.0 = Release|x86
		{85B568C2-43DA-4DAC-B36D-07EA5BDB8668}.Ad-Hoc|iPhoneSimulator.ActiveCfg = Release|x86
		{85B568C2-43DA-4DAC-B36D-07EA5BDB8668}.Ad-Hoc|iPhoneSimulator.Build.0 = Release|x86
		{85B568C2-43DA-4DAC-B36D-07EA5BDB8668}.Ad-Hoc|iPhoneSimulator.Deploy.0 = Release|x86
		{85B568C2-43DA-4DAC-B36D-07EA5BDB8668}.Ad-Hoc|x64.ActiveCfg = Release|x64
		{85B568C2-43DA-4DAC-B36D-07EA5BDB8668}.Ad-Hoc|x64.Build.0 = Release|x64
		{85B568C2-43DA-4DAC-B36D-07EA5BDB8668}.Ad-Hoc|x64.Deploy.0 = Release|x64
		{85B568C2-43DA-4DAC-B36D-07EA5BDB8668}.Ad-Hoc|x86.ActiveCfg = Release|x86
		{85B568C2-43DA-4DAC-B36D-07EA5BDB8668}.Ad-Hoc|x86.Build.0 = Release|x86
		{85B568C2-43DA-4DAC-B36D-07EA5BDB8668}.Ad-Hoc|x86.Deploy.0 = Release|x86
		{85B568C2-43DA-4DAC-B36D-07EA5BDB8668}.AppStore|Any CPU.ActiveCfg = Release|x86
		{85B568C2-43DA-4DAC-B36D-07EA5BDB8668}.AppStore|Any CPU.Build.0 = Release|x86
		{85B568C2-43DA-4DAC-B36D-07EA5BDB8668}.AppStore|Any CPU.Deploy.0 = Release|x86
		{85B568C2-43DA-4DAC-B36D-07EA5BDB8668}.AppStore|ARM.ActiveCfg = Release|ARM
		{85B568C2-43DA-4DAC-B36D-07EA5BDB8668}.AppStore|ARM.Build.0 = Release|ARM
		{85B568C2-43DA-4DAC-B36D-07EA5BDB8668}.AppStore|ARM.Deploy.0 = Release|ARM
		{85B568C2-43DA-4DAC-B36D-07EA5BDB8668}.AppStore|iPhone.ActiveCfg = Release|x86
		{85B568C2-43DA-4DAC-B36D-07EA5BDB8668}.AppStore|iPhone.Build.0 = Release|x86
		{85B568C2-43DA-4DAC-B36D-07EA5BDB8668}.AppStore|iPhone.Deploy.0 = Release|x86
		{85B568C2-43DA-4DAC-B36D-07EA5BDB8668}.AppStore|iPhoneSimulator.ActiveCfg = Release|x86
		{85B568C2-43DA-4DAC-B36D-07EA5BDB8668}.AppStore|iPhoneSimulator.Build.0 = Release|x86
		{85B568C2-43DA-4DAC-B36D-07EA5BDB8668}.AppStore|iPhoneSimulator.Deploy.0 = Release|x86
		{85B568C2-43DA-4DAC-B36D-07EA5BDB8668}.AppStore|x64.ActiveCfg = Release|x64
		{85B568C2-43DA-4DAC-B36D-07EA5BDB8668}.AppStore|x64.Build.0 = Release|x64
		{85B568C2-43DA-4DAC-B36D-07EA5BDB8668}.AppStore|x64.Deploy.0 = Release|x64
		{85B568C2-43DA-4DAC-B36D-07EA5BDB8668}.AppStore|x86.ActiveCfg = Release|x86
		{85B568C2-43DA-4DAC-B36D-07EA5BDB8668}.AppStore|x86.Build.0 = Release|x86
		{85B568C2-43DA-4DAC-B36D-07EA5BDB8668}.AppStore|x86.Deploy.0 = Release|x86
		{85B568C2-43DA-4DAC-B36D-07EA5BDB8668}.Debug|Any CPU.ActiveCfg = Debug|x86
		{85B568C2-43DA-4DAC-B36D-07EA5BDB8668}.Debug|Any CPU.Build.0 = Debug|x86
		{85B568C2-43DA-4DAC-B36D-07EA5BDB8668}.Debug|Any CPU.Deploy.0 = Debug|x86
		{85B568C2-43DA-4DAC-B36D-07EA5BDB8668}.Debug|ARM.ActiveCfg = Debug|ARM
		{85B568C2-43DA-4DAC-B36D-07EA5BDB8668}.Debug|ARM.Build.0 = Debug|ARM
		{85B568C2-43DA-4DAC-B36D-07EA5BDB8668}.Debug|ARM.Deploy.0 = Debug|ARM
		{85B568C2-43DA-4DAC-B36D-07EA5BDB8668}.Debug|iPhone.ActiveCfg = Debug|x86
		{85B568C2-43DA-4DAC-B36D-07EA5BDB8668}.Debug|iPhone.Build.0 = Debug|x86
		{85B568C2-43DA-4DAC-B36D-07EA5BDB8668}.Debug|iPhone.Deploy.0 = Debug|x86
		{85B568C2-43DA-4DAC-B36D-07EA5BDB8668}.Debug|iPhoneSimulator.ActiveCfg = Debug|x86
		{85B568C2-43DA-4DAC-B36D-07EA5BDB8668}.Debug|iPhoneSimulator.Build.0 = Debug|x86
		{85B568C2-43DA-4DAC-B36D-07EA5BDB8668}.Debug|iPhoneSimulator.Deploy.0 = Debug|x86
		{85B568C2-43DA-4DAC-B36D-07EA5BDB8668}.Debug|x64.ActiveCfg = Debug|x64
		{85B568C2-43DA-4DAC-B36D-07EA5BDB8668}.Debug|x64.Build.0 = Debug|x64
		{85B568C2-43DA-4DAC-B36D-07EA5BDB8668}.Debug|x64.Deploy.0 = Debug|x64
		{85B568C2-43DA-4DAC-B36D-07EA5BDB8668}.Debug|x86.ActiveCfg = Debug|x86
		{85B568C2-43DA-4DAC-B36D-07EA5BDB8668}.Debug|x86.Build.0 = Debug|x86
		{85B568C2-43DA-4DAC-B36D-07EA5BDB8668}.Debug|x86.Deploy.0 = Debug|x86
		{85B568C2-43DA-4DAC-B36D-07EA5BDB8668}.Release|Any CPU.ActiveCfg = Release|x86
		{85B568C2-43DA-4DAC-B36D-07EA5BDB8668}.Release|Any CPU.Build.0 = Release|x86
		{85B568C2-43DA-4DAC-B36D-07EA5BDB8668}.Release|Any CPU.Deploy.0 = Release|x86
		{85B568C2-43DA-4DAC-B36D-07EA5BDB8668}.Release|ARM.ActiveCfg = Release|ARM
		{85B568C2-43DA-4DAC-B36D-07EA5BDB8668}.Release|ARM.Build.0 = Release|ARM
		{85B568C2-43DA-4DAC-B36D-07EA5BDB8668}.Release|ARM.Deploy.0 = Release|ARM
		{85B568C2-43DA-4DAC-B36D-07EA5BDB8668}.Release|iPhone.ActiveCfg = Release|x86
		{85B568C2-43DA-4DAC-B36D-07EA5BDB8668}.Release|iPhone.Build.0 = Release|x86
		{85B568C2-43DA-4DAC-B36D-07EA5BDB8668}.Release|iPhone.Deploy.0 = Release|x86
		{85B568C2-43DA-4DAC-B36D-07EA5BDB8668}.Release|iPhoneSimulator.ActiveCfg = Release|x86
		{85B568C2-43DA-4DAC-B36D-07EA5BDB8668}.Release|iPhoneSimulator.Build.0 = Release|x86
		{85B568C2-43DA-4DAC-B36D-07EA5BDB8668}.Release|iPhoneSimulator.Deploy.0 = Release|x86
		{85B568C2-43DA-4DAC-B36D-07EA5BDB8668}.Release|x64.ActiveCfg = Release|x64
		{85B568C2-43DA-4DAC-B36D-07EA5BDB8668}.Release|x64.Build.0 = Release|x64
		{85B568C2-43DA-4DAC-B36D-07EA5BDB8668}.Release|x64.Deploy.0 = Release|x64
		{85B568C2-43DA-4DAC-B36D-07EA5BDB8668}.Release|x86.ActiveCfg = Release|x86
		{85B568C2-43DA-4DAC-B36D-07EA5BDB8668}.Release|x86.Build.0 = Release|x86
		{85B568C2-43DA-4DAC-B36D-07EA5BDB8668}.Release|x86.Deploy.0 = Release|x86
		{FA82E7A1-AECE-4D2E-8989-77F9344141A2}.Ad-Hoc|Any CPU.ActiveCfg = Debug|Any CPU
		{FA82E7A1-AECE-4D2E-8989-77F9344141A2}.Ad-Hoc|Any CPU.Build.0 = Debug|Any CPU
		{FA82E7A1-AECE-4D2E-8989-77F9344141A2}.Ad-Hoc|Any CPU.Deploy.0 = Debug|Any CPU
		{FA82E7A1-AECE-4D2E-8989-77F9344141A2}.Ad-Hoc|ARM.ActiveCfg = Debug|Any CPU
		{FA82E7A1-AECE-4D2E-8989-77F9344141A2}.Ad-Hoc|ARM.Build.0 = Debug|Any CPU
		{FA82E7A1-AECE-4D2E-8989-77F9344141A2}.Ad-Hoc|ARM.Deploy.0 = Debug|Any CPU
		{FA82E7A1-AECE-4D2E-8989-77F9344141A2}.Ad-Hoc|iPhone.ActiveCfg = Debug|Any CPU
		{FA82E7A1-AECE-4D2E-8989-77F9344141A2}.Ad-Hoc|iPhone.Build.0 = Debug|Any CPU
		{FA82E7A1-AECE-4D2E-8989-77F9344141A2}.Ad-Hoc|iPhone.Deploy.0 = Debug|Any CPU
		{FA82E7A1-AECE-4D2E-8989-77F9344141A2}.Ad-Hoc|iPhoneSimulator.ActiveCfg = Debug|Any CPU
		{FA82E7A1-AECE-4D2E-8989-77F9344141A2}.Ad-Hoc|iPhoneSimulator.Build.0 = Debug|Any CPU
		{FA82E7A1-AECE-4D2E-8989-77F9344141A2}.Ad-Hoc|iPhoneSimulator.Deploy.0 = Debug|Any CPU
		{FA82E7A1-AECE-4D2E-8989-77F9344141A2}.Ad-Hoc|x64.ActiveCfg = Debug|Any CPU
		{FA82E7A1-AECE-4D2E-8989-77F9344141A2}.Ad-Hoc|x64.Build.0 = Debug|Any CPU
		{FA82E7A1-AECE-4D2E-8989-77F9344141A2}.Ad-Hoc|x64.Deploy.0 = Debug|Any CPU
		{FA82E7A1-AECE-4D2E-8989-77F9344141A2}.Ad-Hoc|x86.ActiveCfg = Debug|Any CPU
		{FA82E7A1-AECE-4D2E-8989-77F9344141A2}.Ad-Hoc|x86.Build.0 = Debug|Any CPU
		{FA82E7A1-AECE-4D2E-8989-77F9344141A2}.Ad-Hoc|x86.Deploy.0 = Debug|Any CPU
		{FA82E7A1-AECE-4D2E-8989-77F9344141A2}.AppStore|Any CPU.ActiveCfg = Debug|Any CPU
		{FA82E7A1-AECE-4D2E-8989-77F9344141A2}.AppStore|Any CPU.Build.0 = Debug|Any CPU
		{FA82E7A1-AECE-4D2E-8989-77F9344141A2}.AppStore|Any CPU.Deploy.0 = Debug|Any CPU
		{FA82E7A1-AECE-4D2E-8989-77F9344141A2}.AppStore|ARM.ActiveCfg = Debug|Any CPU
		{FA82E7A1-AECE-4D2E-8989-77F9344141A2}.AppStore|ARM.Build.0 = Debug|Any CPU
		{FA82E7A1-AECE-4D2E-8989-77F9344141A2}.AppStore|ARM.Deploy.0 = Debug|Any CPU
		{FA82E7A1-AECE-4D2E-8989-77F9344141A2}.AppStore|iPhone.ActiveCfg = Debug|Any CPU
		{FA82E7A1-AECE-4D2E-8989-77F9344141A2}.AppStore|iPhone.Build.0 = Debug|Any CPU
		{FA82E7A1-AECE-4D2E-8989-77F9344141A2}.AppStore|iPhone.Deploy.0 = Debug|Any CPU
		{FA82E7A1-AECE-4D2E-8989-77F9344141A2}.AppStore|iPhoneSimulator.ActiveCfg = Debug|Any CPU
		{FA82E7A1-AECE-4D2E-8989-77F9344141A2}.AppStore|iPhoneSimulator.Build.0 = Debug|Any CPU
		{FA82E7A1-AECE-4D2E-8989-77F9344141A2}.AppStore|iPhoneSimulator.Deploy.0 = Debug|Any CPU
		{FA82E7A1-AECE-4D2E-8989-77F9344141A2}.AppStore|x64.ActiveCfg = Debug|Any CPU
		{FA82E7A1-AECE-4D2E-8989-77F9344141A2}.AppStore|x64.Build.0 = Debug|Any CPU
		{FA82E7A1-AECE-4D2E-8989-77F9344141A2}.AppStore|x64.Deploy.0 = Debug|Any CPU
		{FA82E7A1-AECE-4D2E-8989-77F9344141A2}.AppStore|x86.ActiveCfg = Debug|Any CPU
		{FA82E7A1-AECE-4D2E-8989-77F9344141A2}.AppStore|x86.Build.0 = Debug|Any CPU
		{FA82E7A1-AECE-4D2E-8989-77F9344141A2}.AppStore|x86.Deploy.0 = Debug|Any CPU
		{FA82E7A1-AECE-4D2E-8989-77F9344141A2}.Debug|Any CPU.ActiveCfg = Debug|Any CPU
		{FA82E7A1-AECE-4D2E-8989-77F9344141A2}.Debug|Any CPU.Build.0 = Debug|Any CPU
		{FA82E7A1-AECE-4D2E-8989-77F9344141A2}.Debug|Any CPU.Deploy.0 = Debug|Any CPU
		{FA82E7A1-AECE-4D2E-8989-77F9344141A2}.Debug|ARM.ActiveCfg = Debug|Any CPU
		{FA82E7A1-AECE-4D2E-8989-77F9344141A2}.Debug|ARM.Build.0 = Debug|Any CPU
		{FA82E7A1-AECE-4D2E-8989-77F9344141A2}.Debug|ARM.Deploy.0 = Debug|Any CPU
		{FA82E7A1-AECE-4D2E-8989-77F9344141A2}.Debug|iPhone.ActiveCfg = Debug|Any CPU
		{FA82E7A1-AECE-4D2E-8989-77F9344141A2}.Debug|iPhone.Build.0 = Debug|Any CPU
		{FA82E7A1-AECE-4D2E-8989-77F9344141A2}.Debug|iPhone.Deploy.0 = Debug|Any CPU
		{FA82E7A1-AECE-4D2E-8989-77F9344141A2}.Debug|iPhoneSimulator.ActiveCfg = Debug|Any CPU
		{FA82E7A1-AECE-4D2E-8989-77F9344141A2}.Debug|iPhoneSimulator.Build.0 = Debug|Any CPU
		{FA82E7A1-AECE-4D2E-8989-77F9344141A2}.Debug|iPhoneSimulator.Deploy.0 = Debug|Any CPU
		{FA82E7A1-AECE-4D2E-8989-77F9344141A2}.Debug|x64.ActiveCfg = Debug|Any CPU
		{FA82E7A1-AECE-4D2E-8989-77F9344141A2}.Debug|x64.Build.0 = Debug|Any CPU
		{FA82E7A1-AECE-4D2E-8989-77F9344141A2}.Debug|x64.Deploy.0 = Debug|Any CPU
		{FA82E7A1-AECE-4D2E-8989-77F9344141A2}.Debug|x86.ActiveCfg = Debug|Any CPU
		{FA82E7A1-AECE-4D2E-8989-77F9344141A2}.Debug|x86.Build.0 = Debug|Any CPU
		{FA82E7A1-AECE-4D2E-8989-77F9344141A2}.Debug|x86.Deploy.0 = Debug|Any CPU
		{FA82E7A1-AECE-4D2E-8989-77F9344141A2}.Release|Any CPU.ActiveCfg = Release|Any CPU
		{FA82E7A1-AECE-4D2E-8989-77F9344141A2}.Release|Any CPU.Build.0 = Release|Any CPU
		{FA82E7A1-AECE-4D2E-8989-77F9344141A2}.Release|Any CPU.Deploy.0 = Release|Any CPU
		{FA82E7A1-AECE-4D2E-8989-77F9344141A2}.Release|ARM.ActiveCfg = Release|Any CPU
		{FA82E7A1-AECE-4D2E-8989-77F9344141A2}.Release|ARM.Build.0 = Release|Any CPU
		{FA82E7A1-AECE-4D2E-8989-77F9344141A2}.Release|ARM.Deploy.0 = Release|Any CPU
		{FA82E7A1-AECE-4D2E-8989-77F9344141A2}.Release|iPhone.ActiveCfg = Release|Any CPU
		{FA82E7A1-AECE-4D2E-8989-77F9344141A2}.Release|iPhone.Build.0 = Release|Any CPU
		{FA82E7A1-AECE-4D2E-8989-77F9344141A2}.Release|iPhone.Deploy.0 = Release|Any CPU
		{FA82E7A1-AECE-4D2E-8989-77F9344141A2}.Release|iPhoneSimulator.ActiveCfg = Release|Any CPU
		{FA82E7A1-AECE-4D2E-8989-77F9344141A2}.Release|iPhoneSimulator.Build.0 = Release|Any CPU
		{FA82E7A1-AECE-4D2E-8989-77F9344141A2}.Release|iPhoneSimulator.Deploy.0 = Release|Any CPU
		{FA82E7A1-AECE-4D2E-8989-77F9344141A2}.Release|x64.ActiveCfg = Release|Any CPU
		{FA82E7A1-AECE-4D2E-8989-77F9344141A2}.Release|x64.Build.0 = Release|Any CPU
		{FA82E7A1-AECE-4D2E-8989-77F9344141A2}.Release|x64.Deploy.0 = Release|Any CPU
		{FA82E7A1-AECE-4D2E-8989-77F9344141A2}.Release|x86.ActiveCfg = Release|Any CPU
		{FA82E7A1-AECE-4D2E-8989-77F9344141A2}.Release|x86.Build.0 = Release|Any CPU
		{FA82E7A1-AECE-4D2E-8989-77F9344141A2}.Release|x86.Deploy.0 = Release|Any CPU
	EndGlobalSection
	GlobalSection(SolutionProperties) = preSolution
		HideSolutionNode = FALSE
	EndGlobalSection
	GlobalSection(ExtensibilityGlobals) = postSolution
		SolutionGuid = {69C6A101-428C-495A-AFBA-0249ADC326C1}
	EndGlobalSection
EndGlobal
